
Microsoft Visual Studio Solution File, Format Version 12.00
# Visual Studio Version 17
VisualStudioVersion = 17.13.35825.156 d17.13
MinimumVisualStudioVersion = 10.0.40219.1
Project("{FAE04EC0-301F-11D3-BF4B-00C04F79EFBC}") = "TECHMOVEProg", "TECHMOVEProg\TECHMOVEProg.csproj", "{3E014274-CF6C-4B1F-A87F-B0D9792371A3}"
EndProject
Global
	GlobalSection(SolutionConfigurationPlatforms) = preSolution
		Debug|Any CPU = Debug|Any CPU
		Release|Any CPU = Release|Any CPU
	EndGlobalSection
	GlobalSection(ProjectConfigurationPlatforms) = postSolution
		{3E014274-CF6C-4B1F-A87F-B0D9792371A3}.Debug|Any CPU.ActiveCfg = Debug|Any CPU
		{3E014274-CF6C-4B1F-A87F-B0D9792371A3}.Debug|Any CPU.Build.0 = Debug|Any CPU
		{3E014274-CF6C-4B1F-A87F-B0D9792371A3}.Release|Any CPU.ActiveCfg = Release|Any CPU
		{3E014274-CF6C-4B1F-A87F-B0D9792371A3}.Release|Any CPU.Build.0 = Release|Any CPU
	EndGlobalSection
	GlobalSection(SolutionProperties) = preSolution
		HideSolutionNode = FALSE
	EndGlobalSection
	GlobalSection(ExtensibilityGlobals) = postSolution
		SolutionGuid = {067DEB9D-E2DD-4D08-8C50-99AF7609CC8F}
	EndGlobalSection
EndGlobal
